
Microsoft Visual Studio Solution File, Format Version 12.00
# Visual Studio 15
VisualStudioVersion = 15.0.27130.2010
MinimumVisualStudioVersion = 10.0.40219.1
Project("{9A19103F-16F7-4668-BE54-9A1E7A4F7556}") = "IoT_StateMachine_Home_Alarm", "IoT StateMachine Home Alarm\IoT_StateMachine_Home_Alarm.csproj", "{9AE21EF1-2359-4A96-B091-263ED9FBD04F}"
EndProject
Project("{FAE04EC0-301F-11D3-BF4B-00C04F79EFBC}") = "Home_Alarm_GUI", "Home_Alarm_GUI\Home_Alarm_GUI.csproj", "{F263D15A-BE7F-4CC3-A337-CE7C61C6F59F}"
EndProject
Project("{FAE04EC0-301F-11D3-BF4B-00C04F79EFBC}") = "Home_Alarm_IoT", "Home_Alarm_IoT\Home_Alarm_IoT.csproj", "{A595F45F-66FC-48D1-93F0-5209B355813E}"
EndProject
Global
	GlobalSection(SolutionConfigurationPlatforms) = preSolution
		Debug|Any CPU = Debug|Any CPU
		Debug|ARM = Debug|ARM
		Debug|x64 = Debug|x64
		Debug|x86 = Debug|x86
		Release|Any CPU = Release|Any CPU
		Release|ARM = Release|ARM
		Release|x64 = Release|x64
		Release|x86 = Release|x86
	EndGlobalSection
	GlobalSection(ProjectConfigurationPlatforms) = postSolution
		{9AE21EF1-2359-4A96-B091-263ED9FBD04F}.Debug|Any CPU.ActiveCfg = Debug|Any CPU
		{9AE21EF1-2359-4A96-B091-263ED9FBD04F}.Debug|Any CPU.Build.0 = Debug|Any CPU
		{9AE21EF1-2359-4A96-B091-263ED9FBD04F}.Debug|ARM.ActiveCfg = Debug|Any CPU
		{9AE21EF1-2359-4A96-B091-263ED9FBD04F}.Debug|ARM.Build.0 = Debug|Any CPU
		{9AE21EF1-2359-4A96-B091-263ED9FBD04F}.Debug|x64.ActiveCfg = Debug|Any CPU
		{9AE21EF1-2359-4A96-B091-263ED9FBD04F}.Debug|x64.Build.0 = Debug|Any CPU
		{9AE21EF1-2359-4A96-B091-263ED9FBD04F}.Debug|x86.ActiveCfg = Debug|Any CPU
		{9AE21EF1-2359-4A96-B091-263ED9FBD04F}.Debug|x86.Build.0 = Debug|Any CPU
		{9AE21EF1-2359-4A96-B091-263ED9FBD04F}.Release|Any CPU.ActiveCfg = Release|Any CPU
		{9AE21EF1-2359-4A96-B091-263ED9FBD04F}.Release|Any CPU.Build.0 = Release|Any CPU
		{9AE21EF1-2359-4A96-B091-263ED9FBD04F}.Release|ARM.ActiveCfg = Release|Any CPU
		{9AE21EF1-2359-4A96-B091-263ED9FBD04F}.Release|ARM.Build.0 = Release|Any CPU
		{9AE21EF1-2359-4A96-B091-263ED9FBD04F}.Release|x64.ActiveCfg = Release|Any CPU
		{9AE21EF1-2359-4A96-B091-263ED9FBD04F}.Release|x64.Build.0 = Release|Any CPU
		{9AE21EF1-2359-4A96-B091-263ED9FBD04F}.Release|x86.ActiveCfg = Release|Any CPU
		{9AE21EF1-2359-4A96-B091-263ED9FBD04F}.Release|x86.Build.0 = Release|Any CPU
		{F263D15A-BE7F-4CC3-A337-CE7C61C6F59F}.Debug|Any CPU.ActiveCfg = Debug|Any CPU
		{F263D15A-BE7F-4CC3-A337-CE7C61C6F59F}.Debug|Any CPU.Build.0 = Debug|Any CPU
		{F263D15A-BE7F-4CC3-A337-CE7C61C6F59F}.Debug|ARM.ActiveCfg = Debug|Any CPU
		{F263D15A-BE7F-4CC3-A337-CE7C61C6F59F}.Debug|ARM.Build.0 = Debug|Any CPU
		{F263D15A-BE7F-4CC3-A337-CE7C61C6F59F}.Debug|x64.ActiveCfg = Debug|Any CPU
		{F263D15A-BE7F-4CC3-A337-CE7C61C6F59F}.Debug|x64.Build.0 = Debug|Any CPU
		{F263D15A-BE7F-4CC3-A337-CE7C61C6F59F}.Debug|x86.ActiveCfg = Debug|Any CPU
		{F263D15A-BE7F-4CC3-A337-CE7C61C6F59F}.Debug|x86.Build.0 = Debug|Any CPU
		{F263D15A-BE7F-4CC3-A337-CE7C61C6F59F}.Release|Any CPU.ActiveCfg = Release|Any CPU
		{F263D15A-BE7F-4CC3-A337-CE7C61C6F59F}.Release|Any CPU.Build.0 = Release|Any CPU
		{F263D15A-BE7F-4CC3-A337-CE7C61C6F59F}.Release|ARM.ActiveCfg = Release|Any CPU
		{F263D15A-BE7F-4CC3-A337-CE7C61C6F59F}.Release|ARM.Build.0 = Release|Any CPU
		{F263D15A-BE7F-4CC3-A337-CE7C61C6F59F}.Release|x64.ActiveCfg = Release|Any CPU
		{F263D15A-BE7F-4CC3-A337-CE7C61C6F59F}.Release|x64.Build.0 = Release|Any CPU
		{F263D15A-BE7F-4CC3-A337-CE7C61C6F59F}.Release|x86.ActiveCfg = Release|Any CPU
		{F263D15A-BE7F-4CC3-A337-CE7C61C6F59F}.Release|x86.Build.0 = Release|Any CPU
		{A595F45F-66FC-48D1-93F0-5209B355813E}.Debug|Any CPU.ActiveCfg = Debug|x86
		{A595F45F-66FC-48D1-93F0-5209B355813E}.Debug|ARM.ActiveCfg = Debug|ARM
		{A595F45F-66FC-48D1-93F0-5209B355813E}.Debug|ARM.Build.0 = Debug|ARM
		{A595F45F-66FC-48D1-93F0-5209B355813E}.Debug|ARM.Deploy.0 = Debug|ARM
		{A595F45F-66FC-48D1-93F0-5209B355813E}.Debug|x64.ActiveCfg = Debug|x64
		{A595F45F-66FC-48D1-93F0-5209B355813E}.Debug|x64.Build.0 = Debug|x64
		{A595F45F-66FC-48D1-93F0-5209B355813E}.Debug|x64.Deploy.0 = Debug|x64
		{A595F45F-66FC-48D1-93F0-5209B355813E}.Debug|x86.ActiveCfg = Debug|x86
		{A595F45F-66FC-48D1-93F0-5209B355813E}.Debug|x86.Build.0 = Debug|x86
		{A595F45F-66FC-48D1-93F0-5209B355813E}.Debug|x86.Deploy.0 = Debug|x86
		{A595F45F-66FC-48D1-93F0-5209B355813E}.Release|Any CPU.ActiveCfg = Release|x86
		{A595F45F-66FC-48D1-93F0-5209B355813E}.Release|ARM.ActiveCfg = Release|ARM
		{A595F45F-66FC-48D1-93F0-5209B355813E}.Release|ARM.Build.0 = Release|ARM
		{A595F45F-66FC-48D1-93F0-5209B355813E}.Release|ARM.Deploy.0 = Release|ARM
		{A595F45F-66FC-48D1-93F0-5209B355813E}.Release|x64.ActiveCfg = Release|x64
		{A595F45F-66FC-48D1-93F0-5209B355813E}.Release|x64.Build.0 = Release|x64
		{A595F45F-66FC-48D1-93F0-5209B355813E}.Release|x64.Deploy.0 = Release|x64
		{A595F45F-66FC-48D1-93F0-5209B355813E}.Release|x86.ActiveCfg = Release|x86
		{A595F45F-66FC-48D1-93F0-5209B355813E}.Release|x86.Build.0 = Release|x86
		{A595F45F-66FC-48D1-93F0-5209B355813E}.Release|x86.Deploy.0 = Release|x86
	EndGlobalSection
	GlobalSection(SolutionProperties) = preSolution
		HideSolutionNode = FALSE
	EndGlobalSection
	GlobalSection(ExtensibilityGlobals) = postSolution
		SolutionGuid = {4C54613D-B757-4C46-AFA8-21DC9947D823}
	EndGlobalSection
EndGlobal
