
Microsoft Visual Studio Solution File, Format Version 12.00
# Visual Studio 15
VisualStudioVersion = 15.0.27130.2010
MinimumVisualStudioVersion = 10.0.40219.1
Project("{9A19103F-16F7-4668-BE54-9A1E7A4F7556}") = "IoT_StateMachine_Home_Alarm", "IoT StateMachine Home Alarm\IoT_StateMachine_Home_Alarm.csproj", "{9AE21EF1-2359-4A96-B091-263ED9FBD04F}"
EndProject
Project("{FAE04EC0-301F-11D3-BF4B-00C04F79EFBC}") = "Home_Alarm_GUI", "Home_Alarm_GUI\Home_Alarm_GUI.csproj", "{F263D15A-BE7F-4CC3-A337-CE7C61C6F59F}"
EndProject
Project("{FAE04EC0-301F-11D3-BF4B-00C04F79EFBC}") = "Home_Alarm_REST_Api", "Home_Alarm_REST_Api\Home_Alarm_REST_Api.csproj", "{4AC91278-C008-4233-A3D3-F5899FB9B11B}"
EndProject
Project("{FAE04EC0-301F-11D3-BF4B-00C04F79EFBC}") = "Home_Alarm_IoT", "Home_Alarm_IoT\Home_Alarm_IoT.csproj", "{A595F45F-66FC-48D1-93F0-5209B355813E}"
EndProject
Project("{2150E333-8FDC-42A3-9474-1A3956D46DE8}") = "Restup", "Restup", "{F18A73C3-53AB-4EC0-9AE4-3E5BC8C716F3}"
EndProject
Project("{FAE04EC0-301F-11D3-BF4B-00C04F79EFBC}") = "WebServer", "..\..\restup\src\WebServer\WebServer.csproj", "{837B8FF3-DED6-4DC7-AD58-DBB0B3E44DD4}"
EndProject
Project("{FAE04EC0-301F-11D3-BF4B-00C04F79EFBC}") = "Webserver.Models", "..\..\restup\src\Webserver.Models\Webserver.Models.csproj", "{0B20D095-2896-41A6-865D-172DFD5ECC99}"
EndProject
Project("{FAE04EC0-301F-11D3-BF4B-00C04F79EFBC}") = "WebServer.Logging", "..\..\restup\src\WebServer.Logging\WebServer.Logging.csproj", "{06A3D120-5923-4AD1-8411-7395A1EC6E94}"
EndProject
Global
	GlobalSection(SharedMSBuildProjectFiles) = preSolution
		..\..\restup\src\HttpMessage\HttpMessage.projitems*{837b8ff3-ded6-4dc7-ad58-dbb0b3e44dd4}*SharedItemsImports = 4
	EndGlobalSection
	GlobalSection(SolutionConfigurationPlatforms) = preSolution
		Debug|Any CPU = Debug|Any CPU
		Debug|ARM = Debug|ARM
		Debug|x64 = Debug|x64
		Debug|x86 = Debug|x86
		Release|Any CPU = Release|Any CPU
		Release|ARM = Release|ARM
		Release|x64 = Release|x64
		Release|x86 = Release|x86
	EndGlobalSection
	GlobalSection(ProjectConfigurationPlatforms) = postSolution
		{9AE21EF1-2359-4A96-B091-263ED9FBD04F}.Debug|Any CPU.ActiveCfg = Debug|Any CPU
		{9AE21EF1-2359-4A96-B091-263ED9FBD04F}.Debug|Any CPU.Build.0 = Debug|Any CPU
		{9AE21EF1-2359-4A96-B091-263ED9FBD04F}.Debug|ARM.ActiveCfg = Debug|Any CPU
		{9AE21EF1-2359-4A96-B091-263ED9FBD04F}.Debug|ARM.Build.0 = Debug|Any CPU
		{9AE21EF1-2359-4A96-B091-263ED9FBD04F}.Debug|x64.ActiveCfg = Debug|Any CPU
		{9AE21EF1-2359-4A96-B091-263ED9FBD04F}.Debug|x64.Build.0 = Debug|Any CPU
		{9AE21EF1-2359-4A96-B091-263ED9FBD04F}.Debug|x86.ActiveCfg = Debug|Any CPU
		{9AE21EF1-2359-4A96-B091-263ED9FBD04F}.Debug|x86.Build.0 = Debug|Any CPU
		{9AE21EF1-2359-4A96-B091-263ED9FBD04F}.Release|Any CPU.ActiveCfg = Release|Any CPU
		{9AE21EF1-2359-4A96-B091-263ED9FBD04F}.Release|Any CPU.Build.0 = Release|Any CPU
		{9AE21EF1-2359-4A96-B091-263ED9FBD04F}.Release|ARM.ActiveCfg = Release|Any CPU
		{9AE21EF1-2359-4A96-B091-263ED9FBD04F}.Release|ARM.Build.0 = Release|Any CPU
		{9AE21EF1-2359-4A96-B091-263ED9FBD04F}.Release|x64.ActiveCfg = Release|Any CPU
		{9AE21EF1-2359-4A96-B091-263ED9FBD04F}.Release|x64.Build.0 = Release|Any CPU
		{9AE21EF1-2359-4A96-B091-263ED9FBD04F}.Release|x86.ActiveCfg = Release|Any CPU
		{9AE21EF1-2359-4A96-B091-263ED9FBD04F}.Release|x86.Build.0 = Release|Any CPU
		{F263D15A-BE7F-4CC3-A337-CE7C61C6F59F}.Debug|Any CPU.ActiveCfg = Debug|Any CPU
		{F263D15A-BE7F-4CC3-A337-CE7C61C6F59F}.Debug|Any CPU.Build.0 = Debug|Any CPU
		{F263D15A-BE7F-4CC3-A337-CE7C61C6F59F}.Debug|ARM.ActiveCfg = Debug|Any CPU
		{F263D15A-BE7F-4CC3-A337-CE7C61C6F59F}.Debug|ARM.Build.0 = Debug|Any CPU
		{F263D15A-BE7F-4CC3-A337-CE7C61C6F59F}.Debug|x64.ActiveCfg = Debug|Any CPU
		{F263D15A-BE7F-4CC3-A337-CE7C61C6F59F}.Debug|x64.Build.0 = Debug|Any CPU
		{F263D15A-BE7F-4CC3-A337-CE7C61C6F59F}.Debug|x86.ActiveCfg = Debug|Any CPU
		{F263D15A-BE7F-4CC3-A337-CE7C61C6F59F}.Debug|x86.Build.0 = Debug|Any CPU
		{F263D15A-BE7F-4CC3-A337-CE7C61C6F59F}.Release|Any CPU.ActiveCfg = Release|Any CPU
		{F263D15A-BE7F-4CC3-A337-CE7C61C6F59F}.Release|Any CPU.Build.0 = Release|Any CPU
		{F263D15A-BE7F-4CC3-A337-CE7C61C6F59F}.Release|ARM.ActiveCfg = Release|Any CPU
		{F263D15A-BE7F-4CC3-A337-CE7C61C6F59F}.Release|ARM.Build.0 = Release|Any CPU
		{F263D15A-BE7F-4CC3-A337-CE7C61C6F59F}.Release|x64.ActiveCfg = Release|Any CPU
		{F263D15A-BE7F-4CC3-A337-CE7C61C6F59F}.Release|x64.Build.0 = Release|Any CPU
		{F263D15A-BE7F-4CC3-A337-CE7C61C6F59F}.Release|x86.ActiveCfg = Release|Any CPU
		{F263D15A-BE7F-4CC3-A337-CE7C61C6F59F}.Release|x86.Build.0 = Release|Any CPU
		{4AC91278-C008-4233-A3D3-F5899FB9B11B}.Debug|Any CPU.ActiveCfg = Debug|Any CPU
		{4AC91278-C008-4233-A3D3-F5899FB9B11B}.Debug|Any CPU.Build.0 = Debug|Any CPU
		{4AC91278-C008-4233-A3D3-F5899FB9B11B}.Debug|ARM.ActiveCfg = Debug|Any CPU
		{4AC91278-C008-4233-A3D3-F5899FB9B11B}.Debug|ARM.Build.0 = Debug|Any CPU
		{4AC91278-C008-4233-A3D3-F5899FB9B11B}.Debug|x64.ActiveCfg = Debug|Any CPU
		{4AC91278-C008-4233-A3D3-F5899FB9B11B}.Debug|x64.Build.0 = Debug|Any CPU
		{4AC91278-C008-4233-A3D3-F5899FB9B11B}.Debug|x86.ActiveCfg = Debug|Any CPU
		{4AC91278-C008-4233-A3D3-F5899FB9B11B}.Debug|x86.Build.0 = Debug|Any CPU
		{4AC91278-C008-4233-A3D3-F5899FB9B11B}.Release|Any CPU.ActiveCfg = Release|Any CPU
		{4AC91278-C008-4233-A3D3-F5899FB9B11B}.Release|Any CPU.Build.0 = Release|Any CPU
		{4AC91278-C008-4233-A3D3-F5899FB9B11B}.Release|ARM.ActiveCfg = Release|Any CPU
		{4AC91278-C008-4233-A3D3-F5899FB9B11B}.Release|ARM.Build.0 = Release|Any CPU
		{4AC91278-C008-4233-A3D3-F5899FB9B11B}.Release|x64.ActiveCfg = Release|Any CPU
		{4AC91278-C008-4233-A3D3-F5899FB9B11B}.Release|x64.Build.0 = Release|Any CPU
		{4AC91278-C008-4233-A3D3-F5899FB9B11B}.Release|x86.ActiveCfg = Release|Any CPU
		{4AC91278-C008-4233-A3D3-F5899FB9B11B}.Release|x86.Build.0 = Release|Any CPU
		{A595F45F-66FC-48D1-93F0-5209B355813E}.Debug|Any CPU.ActiveCfg = Debug|x86
		{A595F45F-66FC-48D1-93F0-5209B355813E}.Debug|ARM.ActiveCfg = Debug|ARM
		{A595F45F-66FC-48D1-93F0-5209B355813E}.Debug|ARM.Build.0 = Debug|ARM
		{A595F45F-66FC-48D1-93F0-5209B355813E}.Debug|ARM.Deploy.0 = Debug|ARM
		{A595F45F-66FC-48D1-93F0-5209B355813E}.Debug|x64.ActiveCfg = Debug|x64
		{A595F45F-66FC-48D1-93F0-5209B355813E}.Debug|x64.Build.0 = Debug|x64
		{A595F45F-66FC-48D1-93F0-5209B355813E}.Debug|x64.Deploy.0 = Debug|x64
		{A595F45F-66FC-48D1-93F0-5209B355813E}.Debug|x86.ActiveCfg = Debug|x86
		{A595F45F-66FC-48D1-93F0-5209B355813E}.Debug|x86.Build.0 = Debug|x86
		{A595F45F-66FC-48D1-93F0-5209B355813E}.Debug|x86.Deploy.0 = Debug|x86
		{A595F45F-66FC-48D1-93F0-5209B355813E}.Release|Any CPU.ActiveCfg = Release|x86
		{A595F45F-66FC-48D1-93F0-5209B355813E}.Release|ARM.ActiveCfg = Release|ARM
		{A595F45F-66FC-48D1-93F0-5209B355813E}.Release|ARM.Build.0 = Release|ARM
		{A595F45F-66FC-48D1-93F0-5209B355813E}.Release|ARM.Deploy.0 = Release|ARM
		{A595F45F-66FC-48D1-93F0-5209B355813E}.Release|x64.ActiveCfg = Release|x64
		{A595F45F-66FC-48D1-93F0-5209B355813E}.Release|x64.Build.0 = Release|x64
		{A595F45F-66FC-48D1-93F0-5209B355813E}.Release|x64.Deploy.0 = Release|x64
		{A595F45F-66FC-48D1-93F0-5209B355813E}.Release|x86.ActiveCfg = Release|x86
		{A595F45F-66FC-48D1-93F0-5209B355813E}.Release|x86.Build.0 = Release|x86
		{A595F45F-66FC-48D1-93F0-5209B355813E}.Release|x86.Deploy.0 = Release|x86
		{837B8FF3-DED6-4DC7-AD58-DBB0B3E44DD4}.Debug|Any CPU.ActiveCfg = Debug|Any CPU
		{837B8FF3-DED6-4DC7-AD58-DBB0B3E44DD4}.Debug|Any CPU.Build.0 = Debug|Any CPU
		{837B8FF3-DED6-4DC7-AD58-DBB0B3E44DD4}.Debug|ARM.ActiveCfg = Debug|ARM
		{837B8FF3-DED6-4DC7-AD58-DBB0B3E44DD4}.Debug|ARM.Build.0 = Debug|ARM
		{837B8FF3-DED6-4DC7-AD58-DBB0B3E44DD4}.Debug|x64.ActiveCfg = Debug|x64
		{837B8FF3-DED6-4DC7-AD58-DBB0B3E44DD4}.Debug|x64.Build.0 = Debug|x64
		{837B8FF3-DED6-4DC7-AD58-DBB0B3E44DD4}.Debug|x86.ActiveCfg = Debug|x86
		{837B8FF3-DED6-4DC7-AD58-DBB0B3E44DD4}.Debug|x86.Build.0 = Debug|x86
		{837B8FF3-DED6-4DC7-AD58-DBB0B3E44DD4}.Release|Any CPU.ActiveCfg = Release|Any CPU
		{837B8FF3-DED6-4DC7-AD58-DBB0B3E44DD4}.Release|Any CPU.Build.0 = Release|Any CPU
		{837B8FF3-DED6-4DC7-AD58-DBB0B3E44DD4}.Release|ARM.ActiveCfg = Release|ARM
		{837B8FF3-DED6-4DC7-AD58-DBB0B3E44DD4}.Release|ARM.Build.0 = Release|ARM
		{837B8FF3-DED6-4DC7-AD58-DBB0B3E44DD4}.Release|x64.ActiveCfg = Release|x64
		{837B8FF3-DED6-4DC7-AD58-DBB0B3E44DD4}.Release|x64.Build.0 = Release|x64
		{837B8FF3-DED6-4DC7-AD58-DBB0B3E44DD4}.Release|x86.ActiveCfg = Release|x86
		{837B8FF3-DED6-4DC7-AD58-DBB0B3E44DD4}.Release|x86.Build.0 = Release|x86
		{0B20D095-2896-41A6-865D-172DFD5ECC99}.Debug|Any CPU.ActiveCfg = Debug|Any CPU
		{0B20D095-2896-41A6-865D-172DFD5ECC99}.Debug|Any CPU.Build.0 = Debug|Any CPU
		{0B20D095-2896-41A6-865D-172DFD5ECC99}.Debug|ARM.ActiveCfg = Debug|ARM
		{0B20D095-2896-41A6-865D-172DFD5ECC99}.Debug|ARM.Build.0 = Debug|ARM
		{0B20D095-2896-41A6-865D-172DFD5ECC99}.Debug|x64.ActiveCfg = Debug|x64
		{0B20D095-2896-41A6-865D-172DFD5ECC99}.Debug|x64.Build.0 = Debug|x64
		{0B20D095-2896-41A6-865D-172DFD5ECC99}.Debug|x86.ActiveCfg = Debug|x86
		{0B20D095-2896-41A6-865D-172DFD5ECC99}.Debug|x86.Build.0 = Debug|x86
		{0B20D095-2896-41A6-865D-172DFD5ECC99}.Release|Any CPU.ActiveCfg = Release|Any CPU
		{0B20D095-2896-41A6-865D-172DFD5ECC99}.Release|Any CPU.Build.0 = Release|Any CPU
		{0B20D095-2896-41A6-865D-172DFD5ECC99}.Release|ARM.ActiveCfg = Release|ARM
		{0B20D095-2896-41A6-865D-172DFD5ECC99}.Release|ARM.Build.0 = Release|ARM
		{0B20D095-2896-41A6-865D-172DFD5ECC99}.Release|x64.ActiveCfg = Release|x64
		{0B20D095-2896-41A6-865D-172DFD5ECC99}.Release|x64.Build.0 = Release|x64
		{0B20D095-2896-41A6-865D-172DFD5ECC99}.Release|x86.ActiveCfg = Release|x86
		{0B20D095-2896-41A6-865D-172DFD5ECC99}.Release|x86.Build.0 = Release|x86
		{06A3D120-5923-4AD1-8411-7395A1EC6E94}.Debug|Any CPU.ActiveCfg = Debug|Any CPU
		{06A3D120-5923-4AD1-8411-7395A1EC6E94}.Debug|Any CPU.Build.0 = Debug|Any CPU
		{06A3D120-5923-4AD1-8411-7395A1EC6E94}.Debug|ARM.ActiveCfg = Debug|ARM
		{06A3D120-5923-4AD1-8411-7395A1EC6E94}.Debug|ARM.Build.0 = Debug|ARM
		{06A3D120-5923-4AD1-8411-7395A1EC6E94}.Debug|x64.ActiveCfg = Debug|x64
		{06A3D120-5923-4AD1-8411-7395A1EC6E94}.Debug|x64.Build.0 = Debug|x64
		{06A3D120-5923-4AD1-8411-7395A1EC6E94}.Debug|x86.ActiveCfg = Debug|x86
		{06A3D120-5923-4AD1-8411-7395A1EC6E94}.Debug|x86.Build.0 = Debug|x86
		{06A3D120-5923-4AD1-8411-7395A1EC6E94}.Release|Any CPU.ActiveCfg = Release|Any CPU
		{06A3D120-5923-4AD1-8411-7395A1EC6E94}.Release|Any CPU.Build.0 = Release|Any CPU
		{06A3D120-5923-4AD1-8411-7395A1EC6E94}.Release|ARM.ActiveCfg = Release|ARM
		{06A3D120-5923-4AD1-8411-7395A1EC6E94}.Release|ARM.Build.0 = Release|ARM
		{06A3D120-5923-4AD1-8411-7395A1EC6E94}.Release|x64.ActiveCfg = Release|x64
		{06A3D120-5923-4AD1-8411-7395A1EC6E94}.Release|x64.Build.0 = Release|x64
		{06A3D120-5923-4AD1-8411-7395A1EC6E94}.Release|x86.ActiveCfg = Release|x86
		{06A3D120-5923-4AD1-8411-7395A1EC6E94}.Release|x86.Build.0 = Release|x86
	EndGlobalSection
	GlobalSection(SolutionProperties) = preSolution
		HideSolutionNode = FALSE
	EndGlobalSection
	GlobalSection(NestedProjects) = preSolution
		{837B8FF3-DED6-4DC7-AD58-DBB0B3E44DD4} = {F18A73C3-53AB-4EC0-9AE4-3E5BC8C716F3}
		{0B20D095-2896-41A6-865D-172DFD5ECC99} = {F18A73C3-53AB-4EC0-9AE4-3E5BC8C716F3}
		{06A3D120-5923-4AD1-8411-7395A1EC6E94} = {F18A73C3-53AB-4EC0-9AE4-3E5BC8C716F3}
	EndGlobalSection
	GlobalSection(ExtensibilityGlobals) = postSolution
		SolutionGuid = {4C54613D-B757-4C46-AFA8-21DC9947D823}
	EndGlobalSection
EndGlobal
